# @generated - this file is auto-generated by `mise lock` https://mise.jdx.dev/dev-tools/mise-lock.html

lockfile_version = 3

[[tools.dart]]
version = "2.17.0"
backend = "http:dart"
specifiers = ["2.17.0"]

[tools.dart."platforms.linux-arm64"]
checksum = "sha256:05a1db0fd84585877d6180858346d7c53c7ef89433667db3b85f3f2e5fa7036b"
url = "https://storage.googleapis.com/dart-archive/channels/stable/release/2.17.0/sdk/dartsdk-linux-arm64-release.zip"

[tools.dart."platforms.linux-arm64-musl"]
checksum = "sha256:05a1db0fd84585877d6180858346d7c53c7ef89433667db3b85f3f2e5fa7036b"
url = "https://storage.googleapis.com/dart-archive/channels/stable/release/2.17.0/sdk/dartsdk-linux-arm64-release.zip"

[tools.dart."platforms.linux-x64"]
checksum = "sha256:57b8fd964e47c81d467aeb95b099a670ab7e8f54a1cd74d45bcd1fdc77913d86"
url = "https://storage.googleapis.com/dart-archive/channels/stable/release/2.17.0/sdk/dartsdk-linux-x64-release.zip"

[tools.dart."platforms.linux-x64-musl"]
checksum = "sha256:57b8fd964e47c81d467aeb95b099a670ab7e8f54a1cd74d45bcd1fdc77913d86"
url = "https://storage.googleapis.com/dart-archive/channels/stable/release/2.17.0/sdk/dartsdk-linux-x64-release.zip"

[tools.dart."platforms.macos-arm64"]
checksum = "sha256:5977f449d4841cc68945f54580acdbf526382c18dfd713b93a48bf77328c10c6"
url = "https://storage.googleapis.com/dart-archive/channels/stable/release/2.17.0/sdk/dartsdk-macos-arm64-release.zip"

[tools.dart."platforms.macos-x64"]
checksum = "sha256:3f06b15101c852145608ecb7215746b51c8ff4bb6c72aa1424f3997debcdef1b"
url = "https://storage.googleapis.com/dart-archive/channels/stable/release/2.17.0/sdk/dartsdk-macos-x64-release.zip"

[tools.dart."platforms.windows-x64"]
checksum = "sha256:a64f37f50124404d7d9b83cd54fea9b372b4006bd3fbe43de89c2732f156d9a3"
url = "https://storage.googleapis.com/dart-archive/channels/stable/release/2.17.0/sdk/dartsdk-windows-x64-release.zip"
